
Microsoft Visual Studio Solution File, Format Version 12.00
# Visual Studio 15
VisualStudioVersion = 15.0.26730.16
MinimumVisualStudioVersion = 10.0.40219.1
Project("{9A19103F-16F7-4668-BE54-9A1E7A4F7556}") = "CacheBucket.Tests", "test\CacheBucket.Tests\CacheBucket.Tests.csproj", "{A848AA8E-5ED6-44DE-95E7-7054005ECC9E}"
EndProject
Project("{9A19103F-16F7-4668-BE54-9A1E7A4F7556}") = "CacheBucket.InMemory", "src\CacheBucket.InMemory\CacheBucket.InMemory.csproj", "{4BE86B94-D7ED-490E-B04A-D25BA43105E7}"
EndProject
Project("{9A19103F-16F7-4668-BE54-9A1E7A4F7556}") = "CacheBucket.Factory", "src\CacheBucket.Factory\CacheBucket.Factory.csproj", "{8C2A64FC-BEE3-4AE5-9A0D-078EE63045A5}"
EndProject
Project("{2150E333-8FDC-42A3-9474-1A3956D46DE8}") = "Solution Items", "Solution Items", "{AA9811F3-E290-474E-B6CD-B05E0B95211E}"
	ProjectSection(SolutionItems) = preProject
		..\.gitignore = ..\.gitignore
		..\.travis.yml = ..\.travis.yml
		..\appveyor.yml = ..\appveyor.yml
		Common.props = Common.props
		..\LICENSE = ..\LICENSE
		..\README.md = ..\README.md
	EndProjectSection
EndProject
Project("{2150E333-8FDC-42A3-9474-1A3956D46DE8}") = "src", "src", "{24090231-AD74-458B-820D-F5BFAE683C5A}"
EndProject
Project("{2150E333-8FDC-42A3-9474-1A3956D46DE8}") = "test", "test", "{D4FAB949-8B9A-4590-835C-F42FBC1085CF}"
EndProject
Project("{9A19103F-16F7-4668-BE54-9A1E7A4F7556}") = "CacheBucket.Core", "src\CacheBucket.Core\CacheBucket.Core.csproj", "{DF02171A-33AB-4234-BFCE-6CD5235DE261}"
EndProject
Global
	GlobalSection(SolutionConfigurationPlatforms) = preSolution
		Debug|Any CPU = Debug|Any CPU
		Release|Any CPU = Release|Any CPU
	EndGlobalSection
	GlobalSection(ProjectConfigurationPlatforms) = postSolution
		{A848AA8E-5ED6-44DE-95E7-7054005ECC9E}.Debug|Any CPU.ActiveCfg = Debug|Any CPU
		{A848AA8E-5ED6-44DE-95E7-7054005ECC9E}.Debug|Any CPU.Build.0 = Debug|Any CPU
		{A848AA8E-5ED6-44DE-95E7-7054005ECC9E}.Release|Any CPU.ActiveCfg = Release|Any CPU
		{A848AA8E-5ED6-44DE-95E7-7054005ECC9E}.Release|Any CPU.Build.0 = Release|Any CPU
		{4BE86B94-D7ED-490E-B04A-D25BA43105E7}.Debug|Any CPU.ActiveCfg = Debug|Any CPU
		{4BE86B94-D7ED-490E-B04A-D25BA43105E7}.Debug|Any CPU.Build.0 = Debug|Any CPU
		{4BE86B94-D7ED-490E-B04A-D25BA43105E7}.Release|Any CPU.ActiveCfg = Release|Any CPU
		{4BE86B94-D7ED-490E-B04A-D25BA43105E7}.Release|Any CPU.Build.0 = Release|Any CPU
		{8C2A64FC-BEE3-4AE5-9A0D-078EE63045A5}.Debug|Any CPU.ActiveCfg = Debug|Any CPU
		{8C2A64FC-BEE3-4AE5-9A0D-078EE63045A5}.Debug|Any CPU.Build.0 = Debug|Any CPU
		{8C2A64FC-BEE3-4AE5-9A0D-078EE63045A5}.Release|Any CPU.ActiveCfg = Release|Any CPU
		{8C2A64FC-BEE3-4AE5-9A0D-078EE63045A5}.Release|Any CPU.Build.0 = Release|Any CPU
		{DF02171A-33AB-4234-BFCE-6CD5235DE261}.Debug|Any CPU.ActiveCfg = Debug|Any CPU
		{DF02171A-33AB-4234-BFCE-6CD5235DE261}.Debug|Any CPU.Build.0 = Debug|Any CPU
		{DF02171A-33AB-4234-BFCE-6CD5235DE261}.Release|Any CPU.ActiveCfg = Release|Any CPU
		{DF02171A-33AB-4234-BFCE-6CD5235DE261}.Release|Any CPU.Build.0 = Release|Any CPU
	EndGlobalSection
	GlobalSection(SolutionProperties) = preSolution
		HideSolutionNode = FALSE
	EndGlobalSection
	GlobalSection(NestedProjects) = preSolution
		{A848AA8E-5ED6-44DE-95E7-7054005ECC9E} = {D4FAB949-8B9A-4590-835C-F42FBC1085CF}
		{4BE86B94-D7ED-490E-B04A-D25BA43105E7} = {24090231-AD74-458B-820D-F5BFAE683C5A}
		{8C2A64FC-BEE3-4AE5-9A0D-078EE63045A5} = {24090231-AD74-458B-820D-F5BFAE683C5A}
		{DF02171A-33AB-4234-BFCE-6CD5235DE261} = {24090231-AD74-458B-820D-F5BFAE683C5A}
	EndGlobalSection
	GlobalSection(ExtensibilityGlobals) = postSolution
		SolutionGuid = {BFEA5023-4A24-492F-B5B2-F94DBC852E94}
	EndGlobalSection
EndGlobal
